
Microsoft Visual Studio Solution File, Format Version 12.00
# Visual Studio 15
VisualStudioVersion = 15.0.27130.2010
MinimumVisualStudioVersion = 10.0.40219.1
Project("{FAE04EC0-301F-11D3-BF4B-00C04F79EFBC}") = "ExpandableListView.Android", "ExpandableListView\ExpandableListView.Android\ExpandableListView.Android.csproj", "{949CB81B-F9CA-4952-87A9-CA4A18E5398C}"
EndProject
Project("{FAE04EC0-301F-11D3-BF4B-00C04F79EFBC}") = "ExpandableListView.iOS", "ExpandableListView\ExpandableListView.iOS\ExpandableListView.iOS.csproj", "{F557ECD3-8C08-4BB0-ACC0-10881A8EDCEA}"
EndProject
Project("{FAE04EC0-301F-11D3-BF4B-00C04F79EFBC}") = "ExpandableListView.UWP", "ExpandableListView\ExpandableListView.UWP\ExpandableListView.UWP.csproj", "{64D36FE2-B15F-4237-B1F6-32D2B422EFFF}"
EndProject
Project("{FAE04EC0-301F-11D3-BF4B-00C04F79EFBC}") = "ExpandableListView", "ExpandableListView\ExpandableListView\ExpandableListView.csproj", "{9336266C-7B2D-4810-9A26-23482984C36D}"
EndProject
Global
	GlobalSection(SolutionConfigurationPlatforms) = preSolution
		Ad-Hoc|Any CPU = Ad-Hoc|Any CPU
		Ad-Hoc|ARM = Ad-Hoc|ARM
		Ad-Hoc|iPhone = Ad-Hoc|iPhone
		Ad-Hoc|iPhoneSimulator = Ad-Hoc|iPhoneSimulator
		Ad-Hoc|x64 = Ad-Hoc|x64
		Ad-Hoc|x86 = Ad-Hoc|x86
		AppStore|Any CPU = AppStore|Any CPU
		AppStore|ARM = AppStore|ARM
		AppStore|iPhone = AppStore|iPhone
		AppStore|iPhoneSimulator = AppStore|iPhoneSimulator
		AppStore|x64 = AppStore|x64
		AppStore|x86 = AppStore|x86
		Debug|Any CPU = Debug|Any CPU
		Debug|ARM = Debug|ARM
		Debug|iPhone = Debug|iPhone
		Debug|iPhoneSimulator = Debug|iPhoneSimulator
		Debug|x64 = Debug|x64
		Debug|x86 = Debug|x86
		Release|Any CPU = Release|Any CPU
		Release|ARM = Release|ARM
		Release|iPhone = Release|iPhone
		Release|iPhoneSimulator = Release|iPhoneSimulator
		Release|x64 = Release|x64
		Release|x86 = Release|x86
	EndGlobalSection
	GlobalSection(ProjectConfigurationPlatforms) = postSolution
		{949CB81B-F9CA-4952-87A9-CA4A18E5398C}.Ad-Hoc|Any CPU.ActiveCfg = Release|Any CPU
		{949CB81B-F9CA-4952-87A9-CA4A18E5398C}.Ad-Hoc|Any CPU.Build.0 = Release|Any CPU
		{949CB81B-F9CA-4952-87A9-CA4A18E5398C}.Ad-Hoc|Any CPU.Deploy.0 = Release|Any CPU
		{949CB81B-F9CA-4952-87A9-CA4A18E5398C}.Ad-Hoc|ARM.ActiveCfg = Release|Any CPU
		{949CB81B-F9CA-4952-87A9-CA4A18E5398C}.Ad-Hoc|ARM.Build.0 = Release|Any CPU
		{949CB81B-F9CA-4952-87A9-CA4A18E5398C}.Ad-Hoc|ARM.Deploy.0 = Release|Any CPU
		{949CB81B-F9CA-4952-87A9-CA4A18E5398C}.Ad-Hoc|iPhone.ActiveCfg = Release|Any CPU
		{949CB81B-F9CA-4952-87A9-CA4A18E5398C}.Ad-Hoc|iPhone.Build.0 = Release|Any CPU
		{949CB81B-F9CA-4952-87A9-CA4A18E5398C}.Ad-Hoc|iPhone.Deploy.0 = Release|Any CPU
		{949CB81B-F9CA-4952-87A9-CA4A18E5398C}.Ad-Hoc|iPhoneSimulator.ActiveCfg = Release|Any CPU
		{949CB81B-F9CA-4952-87A9-CA4A18E5398C}.Ad-Hoc|iPhoneSimulator.Build.0 = Release|Any CPU
		{949CB81B-F9CA-4952-87A9-CA4A18E5398C}.Ad-Hoc|iPhoneSimulator.Deploy.0 = Release|Any CPU
		{949CB81B-F9CA-4952-87A9-CA4A18E5398C}.Ad-Hoc|x64.ActiveCfg = Release|Any CPU
		{949CB81B-F9CA-4952-87A9-CA4A18E5398C}.Ad-Hoc|x64.Build.0 = Release|Any CPU
		{949CB81B-F9CA-4952-87A9-CA4A18E5398C}.Ad-Hoc|x64.Deploy.0 = Release|Any CPU
		{949CB81B-F9CA-4952-87A9-CA4A18E5398C}.Ad-Hoc|x86.ActiveCfg = Release|Any CPU
		{949CB81B-F9CA-4952-87A9-CA4A18E5398C}.Ad-Hoc|x86.Build.0 = Release|Any CPU
		{949CB81B-F9CA-4952-87A9-CA4A18E5398C}.Ad-Hoc|x86.Deploy.0 = Release|Any CPU
		{949CB81B-F9CA-4952-87A9-CA4A18E5398C}.AppStore|Any CPU.ActiveCfg = Release|Any CPU
		{949CB81B-F9CA-4952-87A9-CA4A18E5398C}.AppStore|Any CPU.Build.0 = Release|Any CPU
		{949CB81B-F9CA-4952-87A9-CA4A18E5398C}.AppStore|Any CPU.Deploy.0 = Release|Any CPU
		{949CB81B-F9CA-4952-87A9-CA4A18E5398C}.AppStore|ARM.ActiveCfg = Release|Any CPU
		{949CB81B-F9CA-4952-87A9-CA4A18E5398C}.AppStore|ARM.Build.0 = Release|Any CPU
		{949CB81B-F9CA-4952-87A9-CA4A18E5398C}.AppStore|ARM.Deploy.0 = Release|Any CPU
		{949CB81B-F9CA-4952-87A9-CA4A18E5398C}.AppStore|iPhone.ActiveCfg = Release|Any CPU
		{949CB81B-F9CA-4952-87A9-CA4A18E5398C}.AppStore|iPhone.Build.0 = Release|Any CPU
		{949CB81B-F9CA-4952-87A9-CA4A18E5398C}.AppStore|iPhone.Deploy.0 = Release|Any CPU
		{949CB81B-F9CA-4952-87A9-CA4A18E5398C}.AppStore|iPhoneSimulator.ActiveCfg = Release|Any CPU
		{949CB81B-F9CA-4952-87A9-CA4A18E5398C}.AppStore|iPhoneSimulator.Build.0 = Release|Any CPU
		{949CB81B-F9CA-4952-87A9-CA4A18E5398C}.AppStore|iPhoneSimulator.Deploy.0 = Release|Any CPU
		{949CB81B-F9CA-4952-87A9-CA4A18E5398C}.AppStore|x64.ActiveCfg = Release|Any CPU
		{949CB81B-F9CA-4952-87A9-CA4A18E5398C}.AppStore|x64.Build.0 = Release|Any CPU
		{949CB81B-F9CA-4952-87A9-CA4A18E5398C}.AppStore|x64.Deploy.0 = Release|Any CPU
		{949CB81B-F9CA-4952-87A9-CA4A18E5398C}.AppStore|x86.ActiveCfg = Release|Any CPU
		{949CB81B-F9CA-4952-87A9-CA4A18E5398C}.AppStore|x86.Build.0 = Release|Any CPU
		{949CB81B-F9CA-4952-87A9-CA4A18E5398C}.AppStore|x86.Deploy.0 = Release|Any CPU
		{949CB81B-F9CA-4952-87A9-CA4A18E5398C}.Debug|Any CPU.ActiveCfg = Debug|Any CPU
		{949CB81B-F9CA-4952-87A9-CA4A18E5398C}.Debug|Any CPU.Build.0 = Debug|Any CPU
		{949CB81B-F9CA-4952-87A9-CA4A18E5398C}.Debug|Any CPU.Deploy.0 = Debug|Any CPU
		{949CB81B-F9CA-4952-87A9-CA4A18E5398C}.Debug|ARM.ActiveCfg = Debug|Any CPU
		{949CB81B-F9CA-4952-87A9-CA4A18E5398C}.Debug|ARM.Build.0 = Debug|Any CPU
		{949CB81B-F9CA-4952-87A9-CA4A18E5398C}.Debug|ARM.Deploy.0 = Debug|Any CPU
		{949CB81B-F9CA-4952-87A9-CA4A18E5398C}.Debug|iPhone.ActiveCfg = Debug|Any CPU
		{949CB81B-F9CA-4952-87A9-CA4A18E5398C}.Debug|iPhone.Build.0 = Debug|Any CPU
		{949CB81B-F9CA-4952-87A9-CA4A18E5398C}.Debug|iPhone.Deploy.0 = Debug|Any CPU
		{949CB81B-F9CA-4952-87A9-CA4A18E5398C}.Debug|iPhoneSimulator.ActiveCfg = Debug|Any CPU
		{949CB81B-F9CA-4952-87A9-CA4A18E5398C}.Debug|iPhoneSimulator.Build.0 = Debug|Any CPU
		{949CB81B-F9CA-4952-87A9-CA4A18E5398C}.Debug|iPhoneSimulator.Deploy.0 = Debug|Any CPU
		{949CB81B-F9CA-4952-87A9-CA4A18E5398C}.Debug|x64.ActiveCfg = Debug|Any CPU
		{949CB81B-F9CA-4952-87A9-CA4A18E5398C}.Debug|x64.Build.0 = Debug|Any CPU
		{949CB81B-F9CA-4952-87A9-CA4A18E5398C}.Debug|x64.Deploy.0 = Debug|Any CPU
		{949CB81B-F9CA-4952-87A9-CA4A18E5398C}.Debug|x86.ActiveCfg = Debug|Any CPU
		{949CB81B-F9CA-4952-87A9-CA4A18E5398C}.Debug|x86.Build.0 = Debug|Any CPU
		{949CB81B-F9CA-4952-87A9-CA4A18E5398C}.Debug|x86.Deploy.0 = Debug|Any CPU
		{949CB81B-F9CA-4952-87A9-CA4A18E5398C}.Release|Any CPU.ActiveCfg = Release|Any CPU
		{949CB81B-F9CA-4952-87A9-CA4A18E5398C}.Release|Any CPU.Build.0 = Release|Any CPU
		{949CB81B-F9CA-4952-87A9-CA4A18E5398C}.Release|Any CPU.Deploy.0 = Release|Any CPU
		{949CB81B-F9CA-4952-87A9-CA4A18E5398C}.Release|ARM.ActiveCfg = Release|Any CPU
		{949CB81B-F9CA-4952-87A9-CA4A18E5398C}.Release|ARM.Build.0 = Release|Any CPU
		{949CB81B-F9CA-4952-87A9-CA4A18E5398C}.Release|ARM.Deploy.0 = Release|Any CPU
		{949CB81B-F9CA-4952-87A9-CA4A18E5398C}.Release|iPhone.ActiveCfg = Release|Any CPU
		{949CB81B-F9CA-4952-87A9-CA4A18E5398C}.Release|iPhone.Build.0 = Release|Any CPU
		{949CB81B-F9CA-4952-87A9-CA4A18E5398C}.Release|iPhone.Deploy.0 = Release|Any CPU
		{949CB81B-F9CA-4952-87A9-CA4A18E5398C}.Release|iPhoneSimulator.ActiveCfg = Release|Any CPU
		{949CB81B-F9CA-4952-87A9-CA4A18E5398C}.Release|iPhoneSimulator.Build.0 = Release|Any CPU
		{949CB81B-F9CA-4952-87A9-CA4A18E5398C}.Release|iPhoneSimulator.Deploy.0 = Release|Any CPU
		{949CB81B-F9CA-4952-87A9-CA4A18E5398C}.Release|x64.ActiveCfg = Release|Any CPU
		{949CB81B-F9CA-4952-87A9-CA4A18E5398C}.Release|x64.Build.0 = Release|Any CPU
		{949CB81B-F9CA-4952-87A9-CA4A18E5398C}.Release|x64.Deploy.0 = Release|Any CPU
		{949CB81B-F9CA-4952-87A9-CA4A18E5398C}.Release|x86.ActiveCfg = Release|Any CPU
		{949CB81B-F9CA-4952-87A9-CA4A18E5398C}.Release|x86.Build.0 = Release|Any CPU
		{949CB81B-F9CA-4952-87A9-CA4A18E5398C}.Release|x86.Deploy.0 = Release|Any CPU
		{F557ECD3-8C08-4BB0-ACC0-10881A8EDCEA}.Ad-Hoc|Any CPU.ActiveCfg = Ad-Hoc|iPhone
		{F557ECD3-8C08-4BB0-ACC0-10881A8EDCEA}.Ad-Hoc|ARM.ActiveCfg = Ad-Hoc|iPhone
		{F557ECD3-8C08-4BB0-ACC0-10881A8EDCEA}.Ad-Hoc|iPhone.ActiveCfg = Ad-Hoc|iPhone
		{F557ECD3-8C08-4BB0-ACC0-10881A8EDCEA}.Ad-Hoc|iPhone.Build.0 = Ad-Hoc|iPhone
		{F557ECD3-8C08-4BB0-ACC0-10881A8EDCEA}.Ad-Hoc|iPhoneSimulator.ActiveCfg = Ad-Hoc|iPhoneSimulator
		{F557ECD3-8C08-4BB0-ACC0-10881A8EDCEA}.Ad-Hoc|iPhoneSimulator.Build.0 = Ad-Hoc|iPhoneSimulator
		{F557ECD3-8C08-4BB0-ACC0-10881A8EDCEA}.Ad-Hoc|x64.ActiveCfg = Ad-Hoc|iPhone
		{F557ECD3-8C08-4BB0-ACC0-10881A8EDCEA}.Ad-Hoc|x86.ActiveCfg = Ad-Hoc|iPhone
		{F557ECD3-8C08-4BB0-ACC0-10881A8EDCEA}.AppStore|Any CPU.ActiveCfg = AppStore|iPhone
		{F557ECD3-8C08-4BB0-ACC0-10881A8EDCEA}.AppStore|ARM.ActiveCfg = AppStore|iPhone
		{F557ECD3-8C08-4BB0-ACC0-10881A8EDCEA}.AppStore|iPhone.ActiveCfg = AppStore|iPhone
		{F557ECD3-8C08-4BB0-ACC0-10881A8EDCEA}.AppStore|iPhone.Build.0 = AppStore|iPhone
		{F557ECD3-8C08-4BB0-ACC0-10881A8EDCEA}.AppStore|iPhoneSimulator.ActiveCfg = AppStore|iPhoneSimulator
		{F557ECD3-8C08-4BB0-ACC0-10881A8EDCEA}.AppStore|iPhoneSimulator.Build.0 = AppStore|iPhoneSimulator
		{F557ECD3-8C08-4BB0-ACC0-10881A8EDCEA}.AppStore|x64.ActiveCfg = AppStore|iPhone
		{F557ECD3-8C08-4BB0-ACC0-10881A8EDCEA}.AppStore|x86.ActiveCfg = AppStore|iPhone
		{F557ECD3-8C08-4BB0-ACC0-10881A8EDCEA}.Debug|Any CPU.ActiveCfg = Debug|iPhone
		{F557ECD3-8C08-4BB0-ACC0-10881A8EDCEA}.Debug|ARM.ActiveCfg = Debug|iPhone
		{F557ECD3-8C08-4BB0-ACC0-10881A8EDCEA}.Debug|iPhone.ActiveCfg = Debug|iPhone
		{F557ECD3-8C08-4BB0-ACC0-10881A8EDCEA}.Debug|iPhone.Build.0 = Debug|iPhone
		{F557ECD3-8C08-4BB0-ACC0-10881A8EDCEA}.Debug|iPhoneSimulator.ActiveCfg = Debug|iPhoneSimulator
		{F557ECD3-8C08-4BB0-ACC0-10881A8EDCEA}.Debug|iPhoneSimulator.Build.0 = Debug|iPhoneSimulator
		{F557ECD3-8C08-4BB0-ACC0-10881A8EDCEA}.Debug|x64.ActiveCfg = Debug|iPhone
		{F557ECD3-8C08-4BB0-ACC0-10881A8EDCEA}.Debug|x86.ActiveCfg = Debug|iPhone
		{F557ECD3-8C08-4BB0-ACC0-10881A8EDCEA}.Release|Any CPU.ActiveCfg = Release|iPhone
		{F557ECD3-8C08-4BB0-ACC0-10881A8EDCEA}.Release|ARM.ActiveCfg = Release|iPhone
		{F557ECD3-8C08-4BB0-ACC0-10881A8EDCEA}.Release|iPhone.ActiveCfg = Release|iPhone
		{F557ECD3-8C08-4BB0-ACC0-10881A8EDCEA}.Release|iPhone.Build.0 = Release|iPhone
		{F557ECD3-8C08-4BB0-ACC0-10881A8EDCEA}.Release|iPhoneSimulator.ActiveCfg = Release|iPhoneSimulator
		{F557ECD3-8C08-4BB0-ACC0-10881A8EDCEA}.Release|iPhoneSimulator.Build.0 = Release|iPhoneSimulator
		{F557ECD3-8C08-4BB0-ACC0-10881A8EDCEA}.Release|x64.ActiveCfg = Release|iPhone
		{F557ECD3-8C08-4BB0-ACC0-10881A8EDCEA}.Release|x86.ActiveCfg = Release|iPhone
		{64D36FE2-B15F-4237-B1F6-32D2B422EFFF}.Ad-Hoc|Any CPU.ActiveCfg = Release|x86
		{64D36FE2-B15F-4237-B1F6-32D2B422EFFF}.Ad-Hoc|Any CPU.Build.0 = Release|x86
		{64D36FE2-B15F-4237-B1F6-32D2B422EFFF}.Ad-Hoc|Any CPU.Deploy.0 = Release|x86
		{64D36FE2-B15F-4237-B1F6-32D2B422EFFF}.Ad-Hoc|ARM.ActiveCfg = Release|ARM
		{64D36FE2-B15F-4237-B1F6-32D2B422EFFF}.Ad-Hoc|ARM.Build.0 = Release|ARM
		{64D36FE2-B15F-4237-B1F6-32D2B422EFFF}.Ad-Hoc|ARM.Deploy.0 = Release|ARM
		{64D36FE2-B15F-4237-B1F6-32D2B422EFFF}.Ad-Hoc|iPhone.ActiveCfg = Release|x86
		{64D36FE2-B15F-4237-B1F6-32D2B422EFFF}.Ad-Hoc|iPhone.Build.0 = Release|x86
		{64D36FE2-B15F-4237-B1F6-32D2B422EFFF}.Ad-Hoc|iPhone.Deploy.0 = Release|x86
		{64D36FE2-B15F-4237-B1F6-32D2B422EFFF}.Ad-Hoc|iPhoneSimulator.ActiveCfg = Release|x86
		{64D36FE2-B15F-4237-B1F6-32D2B422EFFF}.Ad-Hoc|iPhoneSimulator.Build.0 = Release|x86
		{64D36FE2-B15F-4237-B1F6-32D2B422EFFF}.Ad-Hoc|iPhoneSimulator.Deploy.0 = Release|x86
		{64D36FE2-B15F-4237-B1F6-32D2B422EFFF}.Ad-Hoc|x64.ActiveCfg = Release|x64
		{64D36FE2-B15F-4237-B1F6-32D2B422EFFF}.Ad-Hoc|x64.Build.0 = Release|x64
		{64D36FE2-B15F-4237-B1F6-32D2B422EFFF}.Ad-Hoc|x64.Deploy.0 = Release|x64
		{64D36FE2-B15F-4237-B1F6-32D2B422EFFF}.Ad-Hoc|x86.ActiveCfg = Release|x86
		{64D36FE2-B15F-4237-B1F6-32D2B422EFFF}.Ad-Hoc|x86.Build.0 = Release|x86
		{64D36FE2-B15F-4237-B1F6-32D2B422EFFF}.Ad-Hoc|x86.Deploy.0 = Release|x86
		{64D36FE2-B15F-4237-B1F6-32D2B422EFFF}.AppStore|Any CPU.ActiveCfg = Release|x86
		{64D36FE2-B15F-4237-B1F6-32D2B422EFFF}.AppStore|Any CPU.Build.0 = Release|x86
		{64D36FE2-B15F-4237-B1F6-32D2B422EFFF}.AppStore|Any CPU.Deploy.0 = Release|x86
		{64D36FE2-B15F-4237-B1F6-32D2B422EFFF}.AppStore|ARM.ActiveCfg = Release|ARM
		{64D36FE2-B15F-4237-B1F6-32D2B422EFFF}.AppStore|ARM.Build.0 = Release|ARM
		{64D36FE2-B15F-4237-B1F6-32D2B422EFFF}.AppStore|ARM.Deploy.0 = Release|ARM
		{64D36FE2-B15F-4237-B1F6-32D2B422EFFF}.AppStore|iPhone.ActiveCfg = Release|x86
		{64D36FE2-B15F-4237-B1F6-32D2B422EFFF}.AppStore|iPhone.Build.0 = Release|x86
		{64D36FE2-B15F-4237-B1F6-32D2B422EFFF}.AppStore|iPhone.Deploy.0 = Release|x86
		{64D36FE2-B15F-4237-B1F6-32D2B422EFFF}.AppStore|iPhoneSimulator.ActiveCfg = Release|x86
		{64D36FE2-B15F-4237-B1F6-32D2B422EFFF}.AppStore|iPhoneSimulator.Build.0 = Release|x86
		{64D36FE2-B15F-4237-B1F6-32D2B422EFFF}.AppStore|iPhoneSimulator.Deploy.0 = Release|x86
		{64D36FE2-B15F-4237-B1F6-32D2B422EFFF}.AppStore|x64.ActiveCfg = Release|x64
		{64D36FE2-B15F-4237-B1F6-32D2B422EFFF}.AppStore|x64.Build.0 = Release|x64
		{64D36FE2-B15F-4237-B1F6-32D2B422EFFF}.AppStore|x64.Deploy.0 = Release|x64
		{64D36FE2-B15F-4237-B1F6-32D2B422EFFF}.AppStore|x86.ActiveCfg = Release|x86
		{64D36FE2-B15F-4237-B1F6-32D2B422EFFF}.AppStore|x86.Build.0 = Release|x86
		{64D36FE2-B15F-4237-B1F6-32D2B422EFFF}.AppStore|x86.Deploy.0 = Release|x86
		{64D36FE2-B15F-4237-B1F6-32D2B422EFFF}.Debug|Any CPU.ActiveCfg = Debug|x86
		{64D36FE2-B15F-4237-B1F6-32D2B422EFFF}.Debug|ARM.ActiveCfg = Debug|ARM
		{64D36FE2-B15F-4237-B1F6-32D2B422EFFF}.Debug|ARM.Build.0 = Debug|ARM
		{64D36FE2-B15F-4237-B1F6-32D2B422EFFF}.Debug|ARM.Deploy.0 = Debug|ARM
		{64D36FE2-B15F-4237-B1F6-32D2B422EFFF}.Debug|iPhone.ActiveCfg = Debug|x86
		{64D36FE2-B15F-4237-B1F6-32D2B422EFFF}.Debug|iPhoneSimulator.ActiveCfg = Debug|x86
		{64D36FE2-B15F-4237-B1F6-32D2B422EFFF}.Debug|x64.ActiveCfg = Debug|x64
		{64D36FE2-B15F-4237-B1F6-32D2B422EFFF}.Debug|x64.Build.0 = Debug|x64
		{64D36FE2-B15F-4237-B1F6-32D2B422EFFF}.Debug|x64.Deploy.0 = Debug|x64
		{64D36FE2-B15F-4237-B1F6-32D2B422EFFF}.Debug|x86.ActiveCfg = Debug|x86
		{64D36FE2-B15F-4237-B1F6-32D2B422EFFF}.Debug|x86.Build.0 = Debug|x86
		{64D36FE2-B15F-4237-B1F6-32D2B422EFFF}.Debug|x86.Deploy.0 = Debug|x86
		{64D36FE2-B15F-4237-B1F6-32D2B422EFFF}.Release|Any CPU.ActiveCfg = Release|x86
		{64D36FE2-B15F-4237-B1F6-32D2B422EFFF}.Release|ARM.ActiveCfg = Release|ARM
		{64D36FE2-B15F-4237-B1F6-32D2B422EFFF}.Release|ARM.Build.0 = Release|ARM
		{64D36FE2-B15F-4237-B1F6-32D2B422EFFF}.Release|ARM.Deploy.0 = Release|ARM
		{64D36FE2-B15F-4237-B1F6-32D2B422EFFF}.Release|iPhone.ActiveCfg = Release|x86
		{64D36FE2-B15F-4237-B1F6-32D2B422EFFF}.Release|iPhoneSimulator.ActiveCfg = Release|x86
		{64D36FE2-B15F-4237-B1F6-32D2B422EFFF}.Release|x64.ActiveCfg = Release|x64
		{64D36FE2-B15F-4237-B1F6-32D2B422EFFF}.Release|x64.Build.0 = Release|x64
		{64D36FE2-B15F-4237-B1F6-32D2B422EFFF}.Release|x64.Deploy.0 = Release|x64
		{64D36FE2-B15F-4237-B1F6-32D2B422EFFF}.Release|x86.ActiveCfg = Release|x86
		{64D36FE2-B15F-4237-B1F6-32D2B422EFFF}.Release|x86.Build.0 = Release|x86
		{64D36FE2-B15F-4237-B1F6-32D2B422EFFF}.Release|x86.Deploy.0 = Release|x86
		{9336266C-7B2D-4810-9A26-23482984C36D}.Ad-Hoc|Any CPU.ActiveCfg = Debug|Any CPU
		{9336266C-7B2D-4810-9A26-23482984C36D}.Ad-Hoc|Any CPU.Build.0 = Debug|Any CPU
		{9336266C-7B2D-4810-9A26-23482984C36D}.Ad-Hoc|ARM.ActiveCfg = Debug|Any CPU
		{9336266C-7B2D-4810-9A26-23482984C36D}.Ad-Hoc|ARM.Build.0 = Debug|Any CPU
		{9336266C-7B2D-4810-9A26-23482984C36D}.Ad-Hoc|iPhone.ActiveCfg = Debug|Any CPU
		{9336266C-7B2D-4810-9A26-23482984C36D}.Ad-Hoc|iPhone.Build.0 = Debug|Any CPU
		{9336266C-7B2D-4810-9A26-23482984C36D}.Ad-Hoc|iPhoneSimulator.ActiveCfg = Debug|Any CPU
		{9336266C-7B2D-4810-9A26-23482984C36D}.Ad-Hoc|iPhoneSimulator.Build.0 = Debug|Any CPU
		{9336266C-7B2D-4810-9A26-23482984C36D}.Ad-Hoc|x64.ActiveCfg = Debug|Any CPU
		{9336266C-7B2D-4810-9A26-23482984C36D}.Ad-Hoc|x64.Build.0 = Debug|Any CPU
		{9336266C-7B2D-4810-9A26-23482984C36D}.Ad-Hoc|x86.ActiveCfg = Debug|Any CPU
		{9336266C-7B2D-4810-9A26-23482984C36D}.Ad-Hoc|x86.Build.0 = Debug|Any CPU
		{9336266C-7B2D-4810-9A26-23482984C36D}.AppStore|Any CPU.ActiveCfg = Debug|Any CPU
		{9336266C-7B2D-4810-9A26-23482984C36D}.AppStore|Any CPU.Build.0 = Debug|Any CPU
		{9336266C-7B2D-4810-9A26-23482984C36D}.AppStore|ARM.ActiveCfg = Debug|Any CPU
		{9336266C-7B2D-4810-9A26-23482984C36D}.AppStore|ARM.Build.0 = Debug|Any CPU
		{9336266C-7B2D-4810-9A26-23482984C36D}.AppStore|iPhone.ActiveCfg = Debug|Any CPU
		{9336266C-7B2D-4810-9A26-23482984C36D}.AppStore|iPhone.Build.0 = Debug|Any CPU
		{9336266C-7B2D-4810-9A26-23482984C36D}.AppStore|iPhoneSimulator.ActiveCfg = Debug|Any CPU
		{9336266C-7B2D-4810-9A26-23482984C36D}.AppStore|iPhoneSimulator.Build.0 = Debug|Any CPU
		{9336266C-7B2D-4810-9A26-23482984C36D}.AppStore|x64.ActiveCfg = Debug|Any CPU
		{9336266C-7B2D-4810-9A26-23482984C36D}.AppStore|x64.Build.0 = Debug|Any CPU
		{9336266C-7B2D-4810-9A26-23482984C36D}.AppStore|x86.ActiveCfg = Debug|Any CPU
		{9336266C-7B2D-4810-9A26-23482984C36D}.AppStore|x86.Build.0 = Debug|Any CPU
		{9336266C-7B2D-4810-9A26-23482984C36D}.Debug|Any CPU.ActiveCfg = Debug|Any CPU
		{9336266C-7B2D-4810-9A26-23482984C36D}.Debug|Any CPU.Build.0 = Debug|Any CPU
		{9336266C-7B2D-4810-9A26-23482984C36D}.Debug|ARM.ActiveCfg = Debug|Any CPU
		{9336266C-7B2D-4810-9A26-23482984C36D}.Debug|ARM.Build.0 = Debug|Any CPU
		{9336266C-7B2D-4810-9A26-23482984C36D}.Debug|iPhone.ActiveCfg = Debug|Any CPU
		{9336266C-7B2D-4810-9A26-23482984C36D}.Debug|iPhone.Build.0 = Debug|Any CPU
		{9336266C-7B2D-4810-9A26-23482984C36D}.Debug|iPhoneSimulator.ActiveCfg = Debug|Any CPU
		{9336266C-7B2D-4810-9A26-23482984C36D}.Debug|iPhoneSimulator.Build.0 = Debug|Any CPU
		{9336266C-7B2D-4810-9A26-23482984C36D}.Debug|x64.ActiveCfg = Debug|Any CPU
		{9336266C-7B2D-4810-9A26-23482984C36D}.Debug|x64.Build.0 = Debug|Any CPU
		{9336266C-7B2D-4810-9A26-23482984C36D}.Debug|x86.ActiveCfg = Debug|Any CPU
		{9336266C-7B2D-4810-9A26-23482984C36D}.Debug|x86.Build.0 = Debug|Any CPU
		{9336266C-7B2D-4810-9A26-23482984C36D}.Release|Any CPU.ActiveCfg = Release|Any CPU
		{9336266C-7B2D-4810-9A26-23482984C36D}.Release|Any CPU.Build.0 = Release|Any CPU
		{9336266C-7B2D-4810-9A26-23482984C36D}.Release|ARM.ActiveCfg = Release|Any CPU
		{9336266C-7B2D-4810-9A26-23482984C36D}.Release|ARM.Build.0 = Release|Any CPU
		{9336266C-7B2D-4810-9A26-23482984C36D}.Release|iPhone.ActiveCfg = Release|Any CPU
		{9336266C-7B2D-4810-9A26-23482984C36D}.Release|iPhone.Build.0 = Release|Any CPU
		{9336266C-7B2D-4810-9A26-23482984C36D}.Release|iPhoneSimulator.ActiveCfg = Release|Any CPU
		{9336266C-7B2D-4810-9A26-23482984C36D}.Release|iPhoneSimulator.Build.0 = Release|Any CPU
		{9336266C-7B2D-4810-9A26-23482984C36D}.Release|x64.ActiveCfg = Release|Any CPU
		{9336266C-7B2D-4810-9A26-23482984C36D}.Release|x64.Build.0 = Release|Any CPU
		{9336266C-7B2D-4810-9A26-23482984C36D}.Release|x86.ActiveCfg = Release|Any CPU
		{9336266C-7B2D-4810-9A26-23482984C36D}.Release|x86.Build.0 = Release|Any CPU
	EndGlobalSection
	GlobalSection(SolutionProperties) = preSolution
		HideSolutionNode = FALSE
	EndGlobalSection
	GlobalSection(ExtensibilityGlobals) = postSolution
		SolutionGuid = {2330F790-3728-4814-9C10-3A5E461CD878}
	EndGlobalSection
EndGlobal
